
Microsoft Visual Studio Solution File, Format Version 12.00
# Visual Studio Version 17
VisualStudioVersion = 17.7.34009.444
MinimumVisualStudioVersion = 10.0.40219.1
Project("{FAE04EC0-301F-11D3-BF4B-00C04F79EFBC}") = "AstroMath", "AstroMath\AstroMath.csproj", "{FBE774D8-BD30-4887-9014-4F35AE94822C}"
EndProject
Global
	GlobalSection(SolutionConfigurationPlatforms) = preSolution
		Debug|Any CPU = Debug|Any CPU
		Release|Any CPU = Release|Any CPU
	EndGlobalSection
	GlobalSection(ProjectConfigurationPlatforms) = postSolution
		{FBE774D8-BD30-4887-9014-4F35AE94822C}.Debug|Any CPU.ActiveCfg = Debug|Any CPU
		{FBE774D8-BD30-4887-9014-4F35AE94822C}.Debug|Any CPU.Build.0 = Debug|Any CPU
		{FBE774D8-BD30-4887-9014-4F35AE94822C}.Release|Any CPU.ActiveCfg = Release|Any CPU
		{FBE774D8-BD30-4887-9014-4F35AE94822C}.Release|Any CPU.Build.0 = Release|Any CPU
	EndGlobalSection
	GlobalSection(SolutionProperties) = preSolution
		HideSolutionNode = FALSE
	EndGlobalSection
	GlobalSection(ExtensibilityGlobals) = postSolution
		SolutionGuid = {334BD999-F6CF-456F-8741-D3F9CD4B8167}
	EndGlobalSection
EndGlobal
